version = 1
revision = 3
requires-python = ">=3.14.0"

[[package]]
name = "markdown-it-py"
version = "4.0.0"
source = { registry = "https://pypi.org/simple" }
dependencies = [
    { name = "mdurl" },
]
sdist = { url = "https://files.pythonhosted.org/packages/5b/f5/4ec618ed16cc4f8fb3b701563655a69816155e79e24a17b651541804721d/markdown_it_py-4.0.0.tar.gz", hash = "sha256:cb0a2b4aa34f932c007117b194e945bd74e0ec24133ceb5bac59009cda1cb9f3", size = 73070, upload-time = "2025-08-11T12:57:52.854Z" }
wheels = [
    { url = "https://files.pythonhosted.org/packages/94/54/e7d793b573f298e1c9013b8c4dade17d481164aa517d1d7148619c2cedbf/markdown_it_py-4.0.0-py3-none-any.whl", hash = "sha256:87327c59b172c5011896038353a81343b6754500a08cd7a4973bb48c6d578147", size = 87321, upload-time = "2025-08-11T12:57:51.923Z" },
]

[[package]]
name = "mdformat"
version = "1.0.0"
source = { registry = "https://pypi.org/simple" }
dependencies = [
    { name = "markdown-it-py" },
]
sdist = { url = "https://files.pythonhosted.org/packages/3f/05/32b5e14b192b0a8a309f32232c580aefedd9d06017cb8fe8fce34bec654c/mdformat-1.0.0.tar.gz", hash = "sha256:4954045fcae797c29f86d4ad879e43bb151fa55dbaf74ac6eaeacf1d45bb3928", size = 56953, upload-time = "2025-10-16T12:05:03.695Z" }
wheels = [
    { url = "https://files.pythonhosted.org/packages/54/9a/8fe71b95985ca7a4001effbcc58e5a07a1f2a2884203f74dcf48a3b08315/mdformat-1.0.0-py3-none-any.whl", hash = "sha256:bca015d65a1d063a02e885a91daee303057bc7829c2cd37b2075a50dbb65944b", size = 53288, upload-time = "2025-10-16T12:05:02.607Z" },
]

[[package]]
name = "mdformat-gfm"
version = "1.0.0"
source = { registry = "https://pypi.org/simple" }
dependencies = [
    { name = "markdown-it-py" },
    { name = "mdformat" },
    { name = "mdit-py-plugins" },
    { name = "wcwidth" },
]
sdist = { url = "https://files.pythonhosted.org/packages/56/6f/a626ebb142a290474401b67e2d61e73ce096bf7798ee22dfe6270f924b3f/mdformat_gfm-1.0.0.tar.gz", hash = "sha256:d1d49a409a6acb774ce7635c72d69178df7dce1dc8cdd10e19f78e8e57b72623", size = 10112, upload-time = "2025-10-16T09:12:22.402Z" }
wheels = [
    { url = "https://files.pythonhosted.org/packages/e6/18/6bc2189b744dd383cad03764f41f30352b1278d2205096f77a29c0b327ad/mdformat_gfm-1.0.0-py3-none-any.whl", hash = "sha256:7305a50efd2a140d7c83505b58e3ac5df2b09e293f9bbe72f6c7bee8c678b005", size = 10970, upload-time = "2025-10-16T09:12:21.276Z" },
]

[[package]]
name = "mdit-py-plugins"
version = "0.5.0"
source = { registry = "https://pypi.org/simple" }
dependencies = [
    { name = "markdown-it-py" },
]
sdist = { url = "https://files.pythonhosted.org/packages/b2/fd/a756d36c0bfba5f6e39a1cdbdbfdd448dc02692467d83816dff4592a1ebc/mdit_py_plugins-0.5.0.tar.gz", hash = "sha256:f4918cb50119f50446560513a8e311d574ff6aaed72606ddae6d35716fe809c6", size = 44655, upload-time = "2025-08-11T07:25:49.083Z" }
wheels = [
    { url = "https://files.pythonhosted.org/packages/fb/86/dd6e5db36df29e76c7a7699123569a4a18c1623ce68d826ed96c62643cae/mdit_py_plugins-0.5.0-py3-none-any.whl", hash = "sha256:07a08422fc1936a5d26d146759e9155ea466e842f5ab2f7d2266dd084c8dab1f", size = 57205, upload-time = "2025-08-11T07:25:47.597Z" },
]

[[package]]
name = "mdurl"
version = "0.1.2"
source = { registry = "https://pypi.org/simple" }
sdist = { url = "https://files.pythonhosted.org/packages/d6/54/cfe61301667036ec958cb99bd3efefba235e65cdeb9c84d24a8293ba1d90/mdurl-0.1.2.tar.gz", hash = "sha256:bb413d29f5eea38f31dd4754dd7377d4465116fb207585f97bf925588687c1ba", size = 8729, upload-time = "2022-08-14T12:40:10.846Z" }
wheels = [
    { url = "https://files.pythonhosted.org/packages/b3/38/89ba8ad64ae25be8de66a6d463314cf1eb366222074cfda9ee839c56a4b4/mdurl-0.1.2-py3-none-any.whl", hash = "sha256:84008a41e51615a49fc9966191ff91509e3c40b939176e643fd50a5c2196b8f8", size = 9979, upload-time = "2022-08-14T12:40:09.779Z" },
]

[[package]]
name = "sil-q"
version = "1.5.1"
source = { virtual = "." }

[package.dev-dependencies]
dev = [
    { name = "mdformat" },
    { name = "mdformat-gfm" },
]

[package.metadata]

[package.metadata.requires-dev]
dev = [
    { name = "mdformat", specifier = ">=1.0.0" },
    { name = "mdformat-gfm", specifier = ">=1.0.0" },
]

[[package]]
name = "wcwidth"
version = "0.6.0"
source = { registry = "https://pypi.org/simple" }
sdist = { url = "https://files.pythonhosted.org/packages/35/a2/8e3becb46433538a38726c948d3399905a4c7cabd0df578ede5dc51f0ec2/wcwidth-0.6.0.tar.gz", hash = "sha256:cdc4e4262d6ef9a1a57e018384cbeb1208d8abbc64176027e2c2455c81313159", size = 159684, upload-time = "2026-02-06T19:19:40.919Z" }
wheels = [
    { url = "https://files.pythonhosted.org/packages/68/5a/199c59e0a824a3db2b89c5d2dade7ab5f9624dbf6448dc291b46d5ec94d3/wcwidth-0.6.0-py3-none-any.whl", hash = "sha256:1a3a1e510b553315f8e146c54764f4fb6264ffad731b3d78088cdb1478ffbdad", size = 94189, upload-time = "2026-02-06T19:19:39.646Z" },
]
