<?xml version="1.0" encoding="utf-8"?>
<Project ToolsVersion="4.0" xmlns="http://schemas.microsoft.com/developer/msbuild/2003">
  <ItemGroup>
    <Filter Include="Source Files">
      <UniqueIdentifier>{4FC737F1-C7A5-4376-A066-2A32D752A2FF}</UniqueIdentifier>
      <Extensions>cpp;c;cc;cxx;def;odl;idl;hpj;bat;asm;asmx</Extensions>
    </Filter>
    <Filter Include="Header Files">
      <UniqueIdentifier>{93995380-89BD-4b04-88EB-625FBE52EBFB}</UniqueIdentifier>
      <Extensions>h;hh;hpp;hxx;hm;inl;inc;ipp;xsd</Extensions>
    </Filter>
    <Filter Include="Resource Files">
      <UniqueIdentifier>{67DA6AB6-F800-4c08-8B7A-83BB121AAD01}</UniqueIdentifier>
      <Extensions>rc;ico;cur;bmp;dlg;rc2;rct;bin;rgs;gif;jpg;jpeg;jpe;resx;tiff;tif;png;wav;mfcribbon-ms</Extensions>
    </Filter>
  </ItemGroup>
  <ItemGroup>
    <ClInclude Include="..\src\angband.h">
      <Filter>Header Files</Filter>
    </ClInclude>
    <ClInclude Include="..\src\config.h">
      <Filter>Header Files</Filter>
    </ClInclude>
    <ClInclude Include="..\src\defines.h">
      <Filter>Header Files</Filter>
    </ClInclude>
    <ClInclude Include="..\src\externs.h">
      <Filter>Header Files</Filter>
    </ClInclude>
    <ClInclude Include="..\src\h-basic.h">
      <Filter>Header Files</Filter>
    </ClInclude>
    <ClInclude Include="..\src\h-config.h">
      <Filter>Header Files</Filter>
    </ClInclude>
    <ClInclude Include="..\src\h-define.h">
      <Filter>Header Files</Filter>
    </ClInclude>
    <ClInclude Include="..\src\h-system.h">
      <Filter>Header Files</Filter>
    </ClInclude>
    <ClInclude Include="..\src\h-type.h">
      <Filter>Header Files</Filter>
    </ClInclude>
    <ClInclude Include="..\src\init.h">
      <Filter>Header Files</Filter>
    </ClInclude>
    <ClInclude Include="..\src\maid-x11.h">
      <Filter>Header Files</Filter>
    </ClInclude>
    <ClInclude Include="..\src\main.h">
      <Filter>Header Files</Filter>
    </ClInclude>
    <ClInclude Include="..\src\readdib.h">
      <Filter>Header Files</Filter>
    </ClInclude>
    <ClInclude Include="..\src\types.h">
      <Filter>Header Files</Filter>
    </ClInclude>
    <ClInclude Include="..\src\z-form.h">
      <Filter>Header Files</Filter>
    </ClInclude>
    <ClInclude Include="..\src\z-rand.h">
      <Filter>Header Files</Filter>
    </ClInclude>
    <ClInclude Include="..\src\z-term.h">
      <Filter>Header Files</Filter>
    </ClInclude>
    <ClInclude Include="..\src\z-util.h">
      <Filter>Header Files</Filter>
    </ClInclude>
    <ClInclude Include="..\src\z-virt.h">
      <Filter>Header Files</Filter>
    </ClInclude>
  </ItemGroup>
  <ItemGroup>
    <ClCompile Include="..\src\birth.c">
      <Filter>Source Files</Filter>
    </ClCompile>
    <ClCompile Include="..\src\cave.c">
      <Filter>Source Files</Filter>
    </ClCompile>
    <ClCompile Include="..\src\cmd1.c">
      <Filter>Source Files</Filter>
    </ClCompile>
    <ClCompile Include="..\src\cmd2.c">
      <Filter>Source Files</Filter>
    </ClCompile>
    <ClCompile Include="..\src\cmd3.c">
      <Filter>Source Files</Filter>
    </ClCompile>
    <ClCompile Include="..\src\cmd4.c">
      <Filter>Source Files</Filter>
    </ClCompile>
    <ClCompile Include="..\src\cmd5.c">
      <Filter>Source Files</Filter>
    </ClCompile>
    <ClCompile Include="..\src\cmd6.c">
      <Filter>Source Files</Filter>
    </ClCompile>
    <ClCompile Include="..\src\dump_items.c">
      <Filter>Source Files</Filter>
    </ClCompile>
    <ClCompile Include="..\src\dungeon.c">
      <Filter>Source Files</Filter>
    </ClCompile>
    <ClCompile Include="..\src\files.c">
      <Filter>Source Files</Filter>
    </ClCompile>
    <ClCompile Include="..\src\generate.c">
      <Filter>Source Files</Filter>
    </ClCompile>
    <ClCompile Include="..\src\init1.c">
      <Filter>Source Files</Filter>
    </ClCompile>
    <ClCompile Include="..\src\init2.c">
      <Filter>Source Files</Filter>
    </ClCompile>
    <ClCompile Include="..\src\load.c">
      <Filter>Source Files</Filter>
    </ClCompile>
    <ClCompile Include="..\src\main-win.c">
      <Filter>Source Files</Filter>
    </ClCompile>
    <ClCompile Include="..\src\melee1.c">
      <Filter>Source Files</Filter>
    </ClCompile>
    <ClCompile Include="..\src\melee2.c">
      <Filter>Source Files</Filter>
    </ClCompile>
    <ClCompile Include="..\src\monster1.c">
      <Filter>Source Files</Filter>
    </ClCompile>
    <ClCompile Include="..\src\monster2.c">
      <Filter>Source Files</Filter>
    </ClCompile>
    <ClCompile Include="..\src\object1.c">
      <Filter>Source Files</Filter>
    </ClCompile>
    <ClCompile Include="..\src\object2.c">
      <Filter>Source Files</Filter>
    </ClCompile>
    <ClCompile Include="..\src\obj-info.c">
      <Filter>Source Files</Filter>
    </ClCompile>
    <ClCompile Include="..\src\randart.c">
      <Filter>Source Files</Filter>
    </ClCompile>
    <ClCompile Include="..\src\readdib.c">
      <Filter>Source Files</Filter>
    </ClCompile>
    <ClCompile Include="..\src\save.c">
      <Filter>Source Files</Filter>
    </ClCompile>
    <ClCompile Include="..\src\spells1.c">
      <Filter>Source Files</Filter>
    </ClCompile>
    <ClCompile Include="..\src\spells2.c">
      <Filter>Source Files</Filter>
    </ClCompile>
    <ClCompile Include="..\src\squelch.c">
      <Filter>Source Files</Filter>
    </ClCompile>
    <ClCompile Include="..\src\tables.c">
      <Filter>Source Files</Filter>
    </ClCompile>
    <ClCompile Include="..\src\use-obj.c">
      <Filter>Source Files</Filter>
    </ClCompile>
    <ClCompile Include="..\src\util.c">
      <Filter>Source Files</Filter>
    </ClCompile>
    <ClCompile Include="..\src\variable.c">
      <Filter>Source Files</Filter>
    </ClCompile>
    <ClCompile Include="..\src\wizard1.c">
      <Filter>Source Files</Filter>
    </ClCompile>
    <ClCompile Include="..\src\wizard2.c">
      <Filter>Source Files</Filter>
    </ClCompile>
    <ClCompile Include="..\src\xtra1.c">
      <Filter>Source Files</Filter>
    </ClCompile>
    <ClCompile Include="..\src\xtra2.c">
      <Filter>Source Files</Filter>
    </ClCompile>
    <ClCompile Include="..\src\z-form.c">
      <Filter>Source Files</Filter>
    </ClCompile>
    <ClCompile Include="..\src\z-rand.c">
      <Filter>Source Files</Filter>
    </ClCompile>
    <ClCompile Include="..\src\z-term.c">
      <Filter>Source Files</Filter>
    </ClCompile>
    <ClCompile Include="..\src\z-util.c">
      <Filter>Source Files</Filter>
    </ClCompile>
    <ClCompile Include="..\src\z-virt.c">
      <Filter>Source Files</Filter>
    </ClCompile>
  </ItemGroup>
  <ItemGroup>
    <ResourceCompile Include="..\src\sil.rc">
      <Filter>Resource Files</Filter>
    </ResourceCompile>
  </ItemGroup>
  <ItemGroup>
    <None Include="..\README.md" />
  </ItemGroup>
</Project>